{
  "nodes": {
    "nixos-hardware": {
      "locked": {
        "lastModified": 1749195551,
        "narHash": "sha256-W5GKQHgunda/OP9sbKENBZhMBDNu2QahoIPwnsF6CeM=",
        "owner": "NixOS",
        "repo": "nixos-hardware",
        "rev": "4602f7e1d3f197b3cb540d5accf5669121629628",
        "type": "github"
      },
      "original": {
        "owner": "NixOS",
        "repo": "nixos-hardware",
        "type": "github"
      }
    },
    "nixpkgs": {
      "locked": {
        "lastModified": 1748190013,
        "narHash": "sha256-R5HJFflOfsP5FBtk+zE8FpL8uqE7n62jqOsADvVshhE=",
        "owner": "NixOS",
        "repo": "nixpkgs",
        "rev": "62b852f6c6742134ade1abdd2a21685fd617a291",
        "type": "github"
      },
      "original": {
        "owner": "NixOS",
        "ref": "nixos-unstable",
        "repo": "nixpkgs",
        "type": "github"
      }
    },
    "root": {
      "inputs": {
        "nixos-hardware": "nixos-hardware",
        "nixpkgs": "nixpkgs"
      }
    }
  },
  "root": "root",
  "version": 7
}
